# THIS IS AN AUTOGENERATED FILE. DO NOT EDIT THIS FILE DIRECTLY.
# yarn lockfile v1


browser-fingerprint@0.0.1:
  version "0.0.1"
  resolved "https://registry.yarnpkg.com/browser-fingerprint/-/browser-fingerprint-0.0.1.tgz#8df3cdca25bf7d5b3542d61545d730053fce604a"

browserify-versionify@^1.0.6:
  version "1.0.6"
  resolved "https://registry.yarnpkg.com/browserify-versionify/-/browserify-versionify-1.0.6.tgz#ab2dc61d6a119e627bec487598d1983b7fdb275e"
  dependencies:
    find-root "^0.1.1"
    through2 "0.6.3"

bugsnag-js@^4.1.2:
  version "4.1.2"
  resolved "https://registry.yarnpkg.com/bugsnag-js/-/bugsnag-js-4.1.2.tgz#0e6076a2130efdcbd60f55f5dbce21766d420bc9"
  dependencies:
    browserify-versionify "^1.0.6"
    cuid "^1.3.8"
    error-stack-parser "^2.0.1"
    fast-safe-stringify "github:bengourley/fast-safe-stringify"
    iserror "0.0.2"
    stack-generator "github:bengourley/stack-generator#190a6f500cfc4a9ef77db204b4f571964e39c3d8"

core-js@^1.1.1:
  version "1.2.7"
  resolved "https://registry.yarnpkg.com/core-js/-/core-js-1.2.7.tgz#652294c14651db28fa93bd2d5ff2983a4f08c636"

core-util-is@~1.0.0:
  version "1.0.2"
  resolved "https://registry.yarnpkg.com/core-util-is/-/core-util-is-1.0.2.tgz#b5fd54220aa2bc5ab57aab7140c940754503c1a7"

cuid@^1.3.8:
  version "1.3.8"
  resolved "https://registry.yarnpkg.com/cuid/-/cuid-1.3.8.tgz#4b875e0969bad764f7ec0706cf44f5fb0831f6b7"
  dependencies:
    browser-fingerprint "0.0.1"
    core-js "^1.1.1"
    node-fingerprint "0.0.2"

error-stack-parser@^2.0.1:
  version "2.0.1"
  resolved "https://registry.yarnpkg.com/error-stack-parser/-/error-stack-parser-2.0.1.tgz#a3202b8fb03114aa9b40a0e3669e48b2b65a010a"
  dependencies:
    stackframe "^1.0.3"

"fast-safe-stringify@github:bengourley/fast-safe-stringify":
  version "1.2.0"
  resolved "https://codeload.github.com/bengourley/fast-safe-stringify/tar.gz/87077fdc7b793a586319ac1ddfecf7631f31f3e2"

find-root@^0.1.1:
  version "0.1.2"
  resolved "https://registry.yarnpkg.com/find-root/-/find-root-0.1.2.tgz#98d2267cff1916ccaf2743b3a0eea81d79d7dcd1"

inherits@~2.0.1:
  version "2.0.3"
  resolved "https://registry.yarnpkg.com/inherits/-/inherits-2.0.3.tgz#633c2c83e3da42a502f52466022480f4208261de"

isarray@0.0.1:
  version "0.0.1"
  resolved "https://registry.yarnpkg.com/isarray/-/isarray-0.0.1.tgz#8a18acfca9a8f4177e09abfc6038939b05d1eedf"

iserror@0.0.2:
  version "0.0.2"
  resolved "https://registry.yarnpkg.com/iserror/-/iserror-0.0.2.tgz#bd53451fe2f668b9f2402c1966787aaa2c7c0bf5"

jquery-touchswipe@^1.6.18:
  version "1.6.18"
  resolved "https://registry.yarnpkg.com/jquery-touchswipe/-/jquery-touchswipe-1.6.18.tgz#fd65a09611edc3fece8ef480ae48569d42f984e2"

jquery.browser@^0.1.0:
  version "0.1.0"
  resolved "https://registry.yarnpkg.com/jquery.browser/-/jquery.browser-0.1.0.tgz#9c72a6095fd2814b44476ea8f716677b72a6a2bb"

metismenu@^2.7.2:
  version "2.7.2"
  resolved "https://registry.yarnpkg.com/metismenu/-/metismenu-2.7.2.tgz#82495746b0591aaa10aeef3c149c59c3ca02d219"

node-fingerprint@0.0.2:
  version "0.0.2"
  resolved "https://registry.yarnpkg.com/node-fingerprint/-/node-fingerprint-0.0.2.tgz#31cbabeb71a67ae7dd5a7dc042e51c3c75868501"

"readable-stream@>=1.0.33-1 <1.1.0-0":
  version "1.0.34"
  resolved "https://registry.yarnpkg.com/readable-stream/-/readable-stream-1.0.34.tgz#125820e34bc842d2f2aaafafe4c2916ee32c157c"
  dependencies:
    core-util-is "~1.0.0"
    inherits "~2.0.1"
    isarray "0.0.1"
    string_decoder "~0.10.x"

"stack-generator@github:bengourley/stack-generator#190a6f500cfc4a9ef77db204b4f571964e39c3d8":
  version "2.0.2"
  resolved "https://codeload.github.com/bengourley/stack-generator/tar.gz/190a6f500cfc4a9ef77db204b4f571964e39c3d8"
  dependencies:
    stackframe "^1.0.4"

stackframe@^1.0.3, stackframe@^1.0.4:
  version "1.0.4"
  resolved "https://registry.yarnpkg.com/stackframe/-/stackframe-1.0.4.tgz#357b24a992f9427cba6b545d96a14ed2cbca187b"

string_decoder@~0.10.x:
  version "0.10.31"
  resolved "https://registry.yarnpkg.com/string_decoder/-/string_decoder-0.10.31.tgz#62e203bc41766c6c28c9fc84301dab1c5310fa94"

through2@0.6.3:
  version "0.6.3"
  resolved "https://registry.yarnpkg.com/through2/-/through2-0.6.3.tgz#795292fde9f254c2a368b38f9cc5d1bd4663afb6"
  dependencies:
    readable-stream ">=1.0.33-1 <1.1.0-0"
    xtend ">=4.0.0 <4.1.0-0"

"xtend@>=4.0.0 <4.1.0-0":
  version "4.0.1"
  resolved "https://registry.yarnpkg.com/xtend/-/xtend-4.0.1.tgz#a5c6d532be656e23db820efb943a1f04998d63af"
