# THIS IS AN AUTOGENERATED FILE. DO NOT EDIT THIS FILE DIRECTLY.
# yarn lockfile v1


jquery-touchswipe@^1.6.18:
  version "1.6.18"
  resolved "https://registry.yarnpkg.com/jquery-touchswipe/-/jquery-touchswipe-1.6.18.tgz#fd65a09611edc3fece8ef480ae48569d42f984e2"

jquery.browser@^0.1.0:
  version "0.1.0"
  resolved "https://registry.yarnpkg.com/jquery.browser/-/jquery.browser-0.1.0.tgz#9c72a6095fd2814b44476ea8f716677b72a6a2bb"

metismenu@^2.7.2:
  version "2.7.2"
  resolved "https://registry.yarnpkg.com/metismenu/-/metismenu-2.7.2.tgz#82495746b0591aaa10aeef3c149c59c3ca02d219"
